{
  "name": "unmanic-webui",
  "version": "1.0.0",
  "lockfileVersion": 2,
  "requires": true,
  "packages": {
    "": {
      "name": "unmanic-webui",
      "version": "1.0.0",
      "license": "GPL-3.0",
      "dependencies": {
        "vendor-copy": "^3.0.1"
      },
      "devDependencies": {},
      "engines": {
        "node": ">=14.17.2",
        "npm": ">=6.14.13"
      }
    },
    "node_modules/ncp": {
      "version": "2.0.0",
      "resolved": "https://registry.npmjs.org/ncp/-/ncp-2.0.0.tgz",
      "integrity": "sha1-GVoh1sRuNh0vsSgbo4uR6d9727M=",
      "bin": {
        "ncp": "bin/ncp"
      }
    },
    "node_modules/vendor-copy": {
      "version": "3.0.1",
      "resolved": "https://registry.npmjs.org/vendor-copy/-/vendor-copy-3.0.1.tgz",
      "integrity": "sha512-XjQ707tDNDVR9HBH2XoDffBB6em2QmWmD52uh8mt+KbFjv94DjDtz/Sh9lXSEWU1POg/fWXnjswe8hW5fqgL+w==",
      "dependencies": {
        "ncp": "^2.0.0"
      },
      "bin": {
        "vendor-copy": "cli.js"
      },
      "engines": {
        "node": ">=12"
      }
    }
  },
  "dependencies": {
    "ncp": {
      "version": "2.0.0",
      "resolved": "https://registry.npmjs.org/ncp/-/ncp-2.0.0.tgz",
      "integrity": "sha1-GVoh1sRuNh0vsSgbo4uR6d9727M="
    },
    "vendor-copy": {
      "version": "3.0.1",
      "resolved": "https://registry.npmjs.org/vendor-copy/-/vendor-copy-3.0.1.tgz",
      "integrity": "sha512-XjQ707tDNDVR9HBH2XoDffBB6em2QmWmD52uh8mt+KbFjv94DjDtz/Sh9lXSEWU1POg/fWXnjswe8hW5fqgL+w==",
      "requires": {
        "ncp": "^2.0.0"
      }
    }
  }
}
